// !$*UTF8*$!
{
	archiveVersion = 1;
	classes = {
	};
	objectVersion = 50;
	objects = {

/* Begin PBXBuildFile section */
		9A8367272142897B00FFF33F /* AppDelegate.swift in Sources */ = {isa = PBXBuildFile; fileRef = 9A8367262142897B00FFF33F /* AppDelegate.swift */; };
		9A8367292142897B00FFF33F /* ViewController.swift in Sources */ = {isa = PBXBuildFile; fileRef = 9A8367282142897B00FFF33F /* ViewController.swift */; };
		9A83672C2142897B00FFF33F /* Main.storyboard in Resources */ = {isa = PBXBuildFile; fileRef = 9A83672A2142897B00FFF33F /* Main.storyboard */; };
		9A83672E2142897D00FFF33F /* Assets.xcassets in Resources */ = {isa = PBXBuildFile; fileRef = 9A83672D2142897D00FFF33F /* Assets.xcassets */; };
		9A8367312142897D00FFF33F /* LaunchScreen.storyboard in Resources */ = {isa = PBXBuildFile; fileRef = 9A83672F2142897D00FFF33F /* LaunchScreen.storyboard */; };
		9A8367392142A1A500FFF33F /* FromCodeViewController.swift in Sources */ = {isa = PBXBuildFile; fileRef = 9A8367382142A1A500FFF33F /* FromCodeViewController.swift */; };
		9A83673B2142A3AD00FFF33F /* FirstViewController.swift in Sources */ = {isa = PBXBuildFile; fileRef = 9A83673A2142A3AD00FFF33F /* FirstViewController.swift */; };
/* End PBXBuildFile section */

/* Begin PBXFileReference section */
		9A8367232142897B00FFF33F /* RestorationDemo.app */ = {isa = PBXFileReference; explicitFileType = wrapper.application; includeInIndex = 0; path = RestorationDemo.app; sourceTree = BUILT_PRODUCTS_DIR; };
		9A8367262142897B00FFF33F /* AppDelegate.swift */ = {isa = PBXFileReference; lastKnownFileType = sourcecode.swift; path = AppDelegate.swift; sourceTree = "<group>"; };
		9A8367282142897B00FFF33F /* ViewController.swift */ = {isa = PBXFileReference; lastKnownFileType = sourcecode.swift; path = ViewController.swift; sourceTree = "<group>"; };
		9A83672B2142897B00FFF33F /* Base */ = {isa = PBXFileReference; lastKnownFileType = file.storyboard; name = Base; path = Base.lproj/Main.storyboard; sourceTree = "<group>"; };
		9A83672D2142897D00FFF33F /* Assets.xcassets */ = {isa = PBXFileReference; lastKnownFileType = folder.assetcatalog; path = Assets.xcassets; sourceTree = "<group>"; };
		9A8367302142897D00FFF33F /* Base */ = {isa = PBXFileReference; lastKnownFileType = file.storyboard; name = Base; path = Base.lproj/LaunchScreen.storyboard; sourceTree = "<group>"; };
		9A8367322142897D00FFF33F /* Info.plist */ = {isa = PBXFileReference; lastKnownFileType = text.plist.xml; path = Info.plist; sourceTree = "<group>"; };
		9A8367382142A1A500FFF33F /* FromCodeViewController.swift */ = {isa = PBXFileReference; lastKnownFileType = sourcecode.swift; path = FromCodeViewController.swift; sourceTree = "<group>"; };
		9A83673A2142A3AD00FFF33F /* FirstViewController.swift */ = {isa = PBXFileReference; lastKnownFileType = sourcecode.swift; path = FirstViewController.swift; sourceTree = "<group>"; };
/* End PBXFileReference section */

/* Begin PBXFrameworksBuildPhase section */
		9A8367202142897B00FFF33F /* Frameworks */ = {
			isa = PBXFrameworksBuildPhase;
			buildActionMask = 2147483647;
			files = (
			);
			runOnlyForDeploymentPostprocessing = 0;
		};
/* End PBXFrameworksBuildPhase section */

/* Begin PBXGroup section */
		9A83671A2142897B00FFF33F = {
			isa = PBXGroup;
			children = (
				9A8367252142897B00FFF33F /* RestorationDemo */,
				9A8367242142897B00FFF33F /* Products */,
			);
			sourceTree = "<group>";
		};
		9A8367242142897B00FFF33F /* Products */ = {
			isa = PBXGroup;
			children = (
				9A8367232142897B00FFF33F /* RestorationDemo.app */,
			);
			name = Products;
			sourceTree = "<group>";
		};
		9A8367252142897B00FFF33F /* RestorationDemo */ = {
			isa = PBXGroup;
			children = (
				9A8367262142897B00FFF33F /* AppDelegate.swift */,
				9A8367282142897B00FFF33F /* ViewController.swift */,
				9A83672A2142897B00FFF33F /* Main.storyboard */,
				9A83672D2142897D00FFF33F /* Assets.xcassets */,
				9A83672F2142897D00FFF33F /* LaunchScreen.storyboard */,
				9A8367322142897D00FFF33F /* Info.plist */,
				9A8367382142A1A500FFF33F /* FromCodeViewController.swift */,
				9A83673A2142A3AD00FFF33F /* FirstViewController.swift */,
			);
			path = RestorationDemo;
			sourceTree = "<group>";
		};
/* End PBXGroup section */

/* Begin PBXNativeTarget section */
		9A8367222142897B00FFF33F /* RestorationDemo */ = {
			isa = PBXNativeTarget;
			buildConfigurationList = 9A8367352142897D00FFF33F /* Build configuration list for PBXNativeTarget "RestorationDemo" */;
			buildPhases = (
				9A83671F2142897B00FFF33F /* Sources */,
				9A8367202142897B00FFF33F /* Frameworks */,
				9A8367212142897B00FFF33F /* Resources */,
			);
			buildRules = (
			);
			dependencies = (
			);
			name = RestorationDemo;
			productName = RestorationDemo;
			productReference = 9A8367232142897B00FFF33F /* RestorationDemo.app */;
			productType = "com.apple.product-type.application";
		};
/* End PBXNativeTarget section */

/* Begin PBXProject section */
		9A83671B2142897B00FFF33F /* Project object */ = {
			isa = PBXProject;
			attributes = {
				LastSwiftUpdateCheck = 0940;
				LastUpgradeCheck = 0940;
				ORGANIZATIONNAME = "Mac mini";
				TargetAttributes = {
					9A8367222142897B00FFF33F = {
						CreatedOnToolsVersion = 9.4.1;
					};
				};
			};
			buildConfigurationList = 9A83671E2142897B00FFF33F /* Build configuration list for PBXProject "RestorationDemo" */;
			compatibilityVersion = "Xcode 9.3";
			developmentRegion = en;
			hasScannedForEncodings = 0;
			knownRegions = (
				en,
				Base,
			);
			mainGroup = 9A83671A2142897B00FFF33F;
			productRefGroup = 9A8367242142897B00FFF33F /* Products */;
			projectDirPath = "";
			projectRoot = "";
			targets = (
				9A8367222142897B00FFF33F /* RestorationDemo */,
			);
		};
/* End PBXProject section */

/* Begin PBXResourcesBuildPhase section */
		9A8367212142897B00FFF33F /* Resources */ = {
			isa = PBXResourcesBuildPhase;
			buildActionMask = 2147483647;
			files = (
				9A8367312142897D00FFF33F /* LaunchScreen.storyboard in Resources */,
				9A83672E2142897D00FFF33F /* Assets.xcassets in Resources */,
				9A83672C2142897B00FFF33F /* Main.storyboard in Resources */,
			);
			runOnlyForDeploymentPostprocessing = 0;
		};
/* End PBXResourcesBuildPhase section */

/* Begin PBXSourcesBuildPhase section */
		9A83671F2142897B00FFF33F /* Sources */ = {
			isa = PBXSourcesBuildPhase;
			buildActionMask = 2147483647;
			files = (
				9A8367292142897B00FFF33F /* ViewController.swift in Sources */,
				9A8367392142A1A500FFF33F /* FromCodeViewController.swift in Sources */,
				9A8367272142897B00FFF33F /* AppDelegate.swift in Sources */,
				9A83673B2142A3AD00FFF33F /* FirstViewController.swift in Sources */,
			);
			runOnlyForDeploymentPostprocessing = 0;
		};
/* End PBXSourcesBuildPhase section */

/* Begin PBXVariantGroup section */
		9A83672A2142897B00FFF33F /* Main.storyboard */ = {
			isa = PBXVariantGroup;
			children = (
				9A83672B2142897B00FFF33F /* Base */,
			);
			name = Main.storyboard;
			sourceTree = "<group>";
		};
		9A83672F2142897D00FFF33F /* LaunchScreen.storyboard */ = {
			isa = PBXVariantGroup;
			children = (
				9A8367302142897D00FFF33F /* Base */,
			);
			name = LaunchScreen.storyboard;
			sourceTree = "<group>";
		};
/* End PBXVariantGroup section */

/* Begin XCBuildConfiguration section */
		9A8367332142897D00FFF33F /* Debug */ = {
			isa = XCBuildConfiguration;
			buildSettings = {
				ALWAYS_SEARCH_USER_PATHS = NO;
				CLANG_ANALYZER_NONNULL = YES;
				CLANG_ANALYZER_NUMBER_OBJECT_CONVERSION = YES_AGGRESSIVE;
				CLANG_CXX_LANGUAGE_STANDARD = "gnu++14";
				CLANG_CXX_LIBRARY = "libc++";
				CLANG_ENABLE_MODULES = YES;
				CLANG_ENABLE_OBJC_ARC = YES;
				CLANG_ENABLE_OBJC_WEAK = YES;
				CLANG_WARN_BLOCK_CAPTURE_AUTORELEASING = YES;
				CLANG_WARN_BOOL_CONVERSION = YES;
				CLANG_WARN_COMMA = YES;
				CLANG_WARN_CONSTANT_CONVERSION = YES;
				CLANG_WARN_DEPRECATED_OBJC_IMPLEMENTATIONS = YES;
				CLANG_WARN_DIRECT_OBJC_ISA_USAGE = YES_ERROR;
				CLANG_WARN_DOCUMENTATION_COMMENTS = YES;
				CLANG_WARN_EMPTY_BODY = YES;
				CLANG_WARN_ENUM_CONVERSION = YES;
				CLANG_WARN_INFINITE_RECURSION = YES;
				CLANG_WARN_INT_CONVERSION = YES;
				CLANG_WARN_NON_LITERAL_NULL_CONVERSION = YES;
				CLANG_WARN_OBJC_IMPLICIT_RETAIN_SELF = YES;
				CLANG_WARN_OBJC_LITERAL_CONVERSION = YES;
				CLANG_WARN_OBJC_ROOT_CLASS = YES_ERROR;
				CLANG_WARN_RANGE_LOOP_ANALYSIS = YES;
				CLANG_WARN_STRICT_PROTOTYPES = YES;
				CLANG_WARN_SUSPICIOUS_MOVE = YES;
				CLANG_WARN_UNGUARDED_AVAILABILITY = YES_AGGRESSIVE;
				CLANG_WARN_UNREACHABLE_CODE = YES;
				CLANG_WARN__DUPLICATE_METHOD_MATCH = YES;
				CODE_SIGN_IDENTITY = "iPhone Developer";
				COPY_PHASE_STRIP = NO;
				DEBUG_INFORMATION_FORMAT = dwarf;
				ENABLE_STRICT_OBJC_MSGSEND = YES;
				ENABLE_TESTABILITY = YES;
				GCC_C_LANGUAGE_STANDARD = gnu11;
				GCC_DYNAMIC_NO_PIC = NO;
				GCC_NO_COMMON_BLOCKS = YES;
				GCC_OPTIMIZATION_LEVEL = 0;
				GCC_PREPROCESSOR_DEFINITIONS = (
					"DEBUG=1",
					"$(inherited)",
				);
				GCC_WARN_64_TO_32_BIT_CONVERSION = YES;
				GCC_WARN_ABOUT_RETURN_TYPE = YES_ERROR;
				GCC_WARN_UNDECLARED_SELECTOR = YES;
				GCC_WARN_UNINITIALIZED_AUTOS = YES_AGGRESSIVE;
				GCC_WARN_UNUSED_FUNCTION = YES;
				GCC_WARN_UNUSED_VARIABLE = YES;
				IPHONEOS_DEPLOYMENT_TARGET = 11.4;
				MTL_ENABLE_DEBUG_INFO = YES;
				ONLY_ACTIVE_ARCH = YES;
				SDKROOT = iphoneos;
				SWIFT_ACTIVE_COMPILATION_CONDITIONS = DEBUG;
				SWIFT_OPTIMIZATION_LEVEL = "-Onone";
			};
			name = Debug;
		};
		9A8367342142897D00FFF33F /* Release */ = {
			isa = XCBuildConfiguration;
			buildSettings = {
				ALWAYS_SEARCH_USER_PATHS = NO;
				CLANG_ANALYZER_NONNULL = YES;
				CLANG_ANALYZER_NUMBER_OBJECT_CONVERSION = YES_AGGRESSIVE;
				CLANG_CXX_LANGUAGE_STANDARD = "gnu++14";
				CLANG_CXX_LIBRARY = "libc++";
				CLANG_ENABLE_MODULES = YES;
				CLANG_ENABLE_OBJC_ARC = YES;
				CLANG_ENABLE_OBJC_WEAK = YES;
				CLANG_WARN_BLOCK_CAPTURE_AUTORELEASING = YES;
				CLANG_WARN_BOOL_CONVERSION = YES;
				CLANG_WARN_COMMA = YES;
				CLANG_WARN_CONSTANT_CONVERSION = YES;
				CLANG_WARN_DEPRECATED_OBJC_IMPLEMENTATIONS = YES;
				CLANG_WARN_DIRECT_OBJC_ISA_USAGE = YES_ERROR;
				CLANG_WARN_DOCUMENTATION_COMMENTS = YES;
				CLANG_WARN_EMPTY_BODY = YES;
				CLANG_WARN_ENUM_CONVERSION = YES;
				CLANG_WARN_INFINITE_RECURSION = YES;
				CLANG_WARN_INT_CONVERSION = YES;
				CLANG_WARN_NON_LITERAL_NULL_CONVERSION = YES;
				CLANG_WARN_OBJC_IMPLICIT_RETAIN_SELF = YES;
				CLANG_WARN_OBJC_LITERAL_CONVERSION = YES;
				CLANG_WARN_OBJC_ROOT_CLASS = YES_ERROR;
				CLANG_WARN_RANGE_LOOP_ANALYSIS = YES;
				CLANG_WARN_STRICT_PROTOTYPES = YES;
				CLANG_WARN_SUSPICIOUS_MOVE = YES;
				CLANG_WARN_UNGUARDED_AVAILABILITY = YES_AGGRESSIVE;
				CLANG_WARN_UNREACHABLE_CODE = YES;
				CLANG_WARN__DUPLICATE_METHOD_MATCH = YES;
				CODE_SIGN_IDENTITY = "iPhone Developer";
				COPY_PHASE_STRIP = NO;
				DEBUG_INFORMATION_FORMAT = "dwarf-with-dsym";
				ENABLE_NS_ASSERTIONS = NO;
				ENABLE_STRICT_OBJC_MSGSEND = YES;
				GCC_C_LANGUAGE_STANDARD = gnu11;
				GCC_NO_COMMON_BLOCKS = YES;
				GCC_WARN_64_TO_32_BIT_CONVERSION = YES;
				GCC_WARN_ABOUT_RETURN_TYPE = YES_ERROR;
				GCC_WARN_UNDECLARED_SELECTOR = YES;
				GCC_WARN_UNINITIALIZED_AUTOS = YES_AGGRESSIVE;
				GCC_WARN_UNUSED_FUNCTION = YES;
				GCC_WARN_UNUSED_VARIABLE = YES;
				IPHONEOS_DEPLOYMENT_TARGET = 11.4;
				MTL_ENABLE_DEBUG_INFO = NO;
				SDKROOT = iphoneos;
				SWIFT_COMPILATION_MODE = wholemodule;
				SWIFT_OPTIMIZATION_LEVEL = "-O";
				VALIDATE_PRODUCT = YES;
			};
			name = Release;
		};
		9A8367362142897D00FFF33F /* Debug */ = {
			isa = XCBuildConfiguration;
			buildSettings = {
				ASSETCATALOG_COMPILER_APPICON_NAME = AppIcon;
				CODE_SIGN_STYLE = Automatic;
				DEVELOPMENT_TEAM = 82RH97N8EA;
				INFOPLIST_FILE = RestorationDemo/Info.plist;
				LD_RUNPATH_SEARCH_PATHS = (
					"$(inherited)",
					"@executable_path/Frameworks",
				);
				PRODUCT_BUNDLE_IDENTIFIER = com.suryakant.RestorationDemo;
				PRODUCT_NAME = "$(TARGET_NAME)";
				SWIFT_VERSION = 4.0;
				TARGETED_DEVICE_FAMILY = "1,2";
			};
			name = Debug;
		};
		9A8367372142897D00FFF33F /* Release */ = {
			isa = XCBuildConfiguration;
			buildSettings = {
				ASSETCATALOG_COMPILER_APPICON_NAME = AppIcon;
				CODE_SIGN_STYLE = Automatic;
				DEVELOPMENT_TEAM = 82RH97N8EA;
				INFOPLIST_FILE = RestorationDemo/Info.plist;
				LD_RUNPATH_SEARCH_PATHS = (
					"$(inherited)",
					"@executable_path/Frameworks",
				);
				PRODUCT_BUNDLE_IDENTIFIER = com.suryakant.RestorationDemo;
				PRODUCT_NAME = "$(TARGET_NAME)";
				SWIFT_VERSION = 4.0;
				TARGETED_DEVICE_FAMILY = "1,2";
			};
			name = Release;
		};
/* End XCBuildConfiguration section */

/* Begin XCConfigurationList section */
		9A83671E2142897B00FFF33F /* Build configuration list for PBXProject "RestorationDemo" */ = {
			isa = XCConfigurationList;
			buildConfigurations = (
				9A8367332142897D00FFF33F /* Debug */,
				9A8367342142897D00FFF33F /* Release */,
			);
			defaultConfigurationIsVisible = 0;
			defaultConfigurationName = Release;
		};
		9A8367352142897D00FFF33F /* Build configuration list for PBXNativeTarget "RestorationDemo" */ = {
			isa = XCConfigurationList;
			buildConfigurations = (
				9A8367362142897D00FFF33F /* Debug */,
				9A8367372142897D00FFF33F /* Release */,
			);
			defaultConfigurationIsVisible = 0;
			defaultConfigurationName = Release;
		};
/* End XCConfigurationList section */
	};
	rootObject = 9A83671B2142897B00FFF33F /* Project object */;
}
